
Microsoft Visual Studio Solution File, Format Version 12.00
# Visual Studio Version 17
VisualStudioVersion = 17.7.34024.191
MinimumVisualStudioVersion = 10.0.40219.1
Project("{2150E333-8FDC-42A3-9474-1A3956D46DE8}") = "src", "src", "{2844319E-D104-4107-A08B-BBF6C2E69056}"
EndProject
Project("{FAE04EC0-301F-11D3-BF4B-00C04F79EFBC}") = "ExampleChangeStream", "src\ExampleChangeStream\ExampleChangeStream.csproj", "{F9F4CB08-7D86-4273-A706-91A377EE0744}"
EndProject
Global
	GlobalSection(SolutionConfigurationPlatforms) = preSolution
		Debug|Any CPU = Debug|Any CPU
		Release|Any CPU = Release|Any CPU
	EndGlobalSection
	GlobalSection(ProjectConfigurationPlatforms) = postSolution
		{F9F4CB08-7D86-4273-A706-91A377EE0744}.Debug|Any CPU.ActiveCfg = Debug|Any CPU
		{F9F4CB08-7D86-4273-A706-91A377EE0744}.Debug|Any CPU.Build.0 = Debug|Any CPU
		{F9F4CB08-7D86-4273-A706-91A377EE0744}.Release|Any CPU.ActiveCfg = Release|Any CPU
		{F9F4CB08-7D86-4273-A706-91A377EE0744}.Release|Any CPU.Build.0 = Release|Any CPU
	EndGlobalSection
	GlobalSection(SolutionProperties) = preSolution
		HideSolutionNode = FALSE
	EndGlobalSection
	GlobalSection(NestedProjects) = preSolution
		{F9F4CB08-7D86-4273-A706-91A377EE0744} = {2844319E-D104-4107-A08B-BBF6C2E69056}
	EndGlobalSection
	GlobalSection(ExtensibilityGlobals) = postSolution
		SolutionGuid = {1B7CA600-3670-4B8A-91D6-ACCF26ACC627}
	EndGlobalSection
EndGlobal
